
Microsoft Visual Studio Solution File, Format Version 12.00
# Visual Studio Version 17
VisualStudioVersion = 17.4.33103.184
MinimumVisualStudioVersion = 10.0.40219.1
Project("{FAE04EC0-301F-11D3-BF4B-00C04F79EFBC}") = "PlaywrightLibrary", "PlaywrightLibrary\PlaywrightLibrary.csproj", "{10C91B98-38F4-4EC4-84EF-3F949011E023}"
EndProject
Project("{FAE04EC0-301F-11D3-BF4B-00C04F79EFBC}") = "PlaywrightTests", "PlaywrightTests\PlaywrightTests.csproj", "{D59CBFCF-F3B4-47EB-91DF-F57DDB5A5214}"
EndProject
Global
	GlobalSection(SolutionConfigurationPlatforms) = preSolution
		Debug|Any CPU = Debug|Any CPU
		Release|Any CPU = Release|Any CPU
	EndGlobalSection
	GlobalSection(ProjectConfigurationPlatforms) = postSolution
		{10C91B98-38F4-4EC4-84EF-3F949011E023}.Debug|Any CPU.ActiveCfg = Debug|Any CPU
		{10C91B98-38F4-4EC4-84EF-3F949011E023}.Debug|Any CPU.Build.0 = Debug|Any CPU
		{10C91B98-38F4-4EC4-84EF-3F949011E023}.Release|Any CPU.ActiveCfg = Release|Any CPU
		{10C91B98-38F4-4EC4-84EF-3F949011E023}.Release|Any CPU.Build.0 = Release|Any CPU
		{D59CBFCF-F3B4-47EB-91DF-F57DDB5A5214}.Debug|Any CPU.ActiveCfg = Debug|Any CPU
		{D59CBFCF-F3B4-47EB-91DF-F57DDB5A5214}.Debug|Any CPU.Build.0 = Debug|Any CPU
		{D59CBFCF-F3B4-47EB-91DF-F57DDB5A5214}.Release|Any CPU.ActiveCfg = Release|Any CPU
		{D59CBFCF-F3B4-47EB-91DF-F57DDB5A5214}.Release|Any CPU.Build.0 = Release|Any CPU
	EndGlobalSection
	GlobalSection(SolutionProperties) = preSolution
		HideSolutionNode = FALSE
	EndGlobalSection
	GlobalSection(ExtensibilityGlobals) = postSolution
		SolutionGuid = {D17FBC70-898C-49DC-95CA-2233E5FFA567}
	EndGlobalSection
EndGlobal
